// !$*UTF8*$!
{
	archiveVersion = 1;
	classes = {
	};
	objectVersion = 46;
	objects = {

/* Begin PBXBuildFile section */
		BD17C05A1E738C5F0079DAF5 /* main.m in Sources */ = {isa = PBXBuildFile; fileRef = BD17C0591E738C5F0079DAF5 /* main.m */; };
		BD17C05D1E738C5F0079DAF5 /* AppDelegate.m in Sources */ = {isa = PBXBuildFile; fileRef = BD17C05C1E738C5F0079DAF5 /* AppDelegate.m */; };
		BD17C0631E738C5F0079DAF5 /* Main.storyboard in Resources */ = {isa = PBXBuildFile; fileRef = BD17C0611E738C5F0079DAF5 /* Main.storyboard */; };
		BD17C0651E738C5F0079DAF5 /* Assets.xcassets in Resources */ = {isa = PBXBuildFile; fileRef = BD17C0641E738C5F0079DAF5 /* Assets.xcassets */; };
		BD17C0681E738C5F0079DAF5 /* LaunchScreen.storyboard in Resources */ = {isa = PBXBuildFile; fileRef = BD17C0661E738C5F0079DAF5 /* LaunchScreen.storyboard */; };
		BD17C0731E738C5F0079DAF5 /* HTByValueDelegateTests.m in Sources */ = {isa = PBXBuildFile; fileRef = BD17C0721E738C5F0079DAF5 /* HTByValueDelegateTests.m */; };
		BD17C07E1E738C5F0079DAF5 /* HTByValueDelegateUITests.m in Sources */ = {isa = PBXBuildFile; fileRef = BD17C07D1E738C5F0079DAF5 /* HTByValueDelegateUITests.m */; };
		BD17C1741E738D550079DAF5 /* SecondViewController.m in Sources */ = {isa = PBXBuildFile; fileRef = BD17C16D1E738D550079DAF5 /* SecondViewController.m */; };
		BD17C1751E738D550079DAF5 /* HTTools.m in Sources */ = {isa = PBXBuildFile; fileRef = BD17C1711E738D550079DAF5 /* HTTools.m */; };
		BD17C1761E738D550079DAF5 /* ViewController.m in Sources */ = {isa = PBXBuildFile; fileRef = BD17C1731E738D550079DAF5 /* ViewController.m */; };
/* End PBXBuildFile section */

/* Begin PBXContainerItemProxy section */
		BD17C06F1E738C5F0079DAF5 /* PBXContainerItemProxy */ = {
			isa = PBXContainerItemProxy;
			containerPortal = BD17C04D1E738C5F0079DAF5 /* Project object */;
			proxyType = 1;
			remoteGlobalIDString = BD17C0541E738C5F0079DAF5;
			remoteInfo = HTByValueDelegate;
		};
		BD17C07A1E738C5F0079DAF5 /* PBXContainerItemProxy */ = {
			isa = PBXContainerItemProxy;
			containerPortal = BD17C04D1E738C5F0079DAF5 /* Project object */;
			proxyType = 1;
			remoteGlobalIDString = BD17C0541E738C5F0079DAF5;
			remoteInfo = HTByValueDelegate;
		};
/* End PBXContainerItemProxy section */

/* Begin PBXFileReference section */
		BD17C0551E738C5F0079DAF5 /* HTByValueDelegate.app */ = {isa = PBXFileReference; explicitFileType = wrapper.application; includeInIndex = 0; path = HTByValueDelegate.app; sourceTree = BUILT_PRODUCTS_DIR; };
		BD17C0591E738C5F0079DAF5 /* main.m */ = {isa = PBXFileReference; lastKnownFileType = sourcecode.c.objc; path = main.m; sourceTree = "<group>"; };
		BD17C05B1E738C5F0079DAF5 /* AppDelegate.h */ = {isa = PBXFileReference; lastKnownFileType = sourcecode.c.h; path = AppDelegate.h; sourceTree = "<group>"; };
		BD17C05C1E738C5F0079DAF5 /* AppDelegate.m */ = {isa = PBXFileReference; lastKnownFileType = sourcecode.c.objc; path = AppDelegate.m; sourceTree = "<group>"; };
		BD17C0621E738C5F0079DAF5 /* Base */ = {isa = PBXFileReference; lastKnownFileType = file.storyboard; name = Base; path = Base.lproj/Main.storyboard; sourceTree = "<group>"; };
		BD17C0641E738C5F0079DAF5 /* Assets.xcassets */ = {isa = PBXFileReference; lastKnownFileType = folder.assetcatalog; path = Assets.xcassets; sourceTree = "<group>"; };
		BD17C0671E738C5F0079DAF5 /* Base */ = {isa = PBXFileReference; lastKnownFileType = file.storyboard; name = Base; path = Base.lproj/LaunchScreen.storyboard; sourceTree = "<group>"; };
		BD17C0691E738C5F0079DAF5 /* Info.plist */ = {isa = PBXFileReference; lastKnownFileType = text.plist.xml; path = Info.plist; sourceTree = "<group>"; };
		BD17C06E1E738C5F0079DAF5 /* HTByValueDelegateTests.xctest */ = {isa = PBXFileReference; explicitFileType = wrapper.cfbundle; includeInIndex = 0; path = HTByValueDelegateTests.xctest; sourceTree = BUILT_PRODUCTS_DIR; };
		BD17C0721E738C5F0079DAF5 /* HTByValueDelegateTests.m */ = {isa = PBXFileReference; lastKnownFileType = sourcecode.c.objc; path = HTByValueDelegateTests.m; sourceTree = "<group>"; };
		BD17C0741E738C5F0079DAF5 /* Info.plist */ = {isa = PBXFileReference; lastKnownFileType = text.plist.xml; path = Info.plist; sourceTree = "<group>"; };
		BD17C0791E738C5F0079DAF5 /* HTByValueDelegateUITests.xctest */ = {isa = PBXFileReference; explicitFileType = wrapper.cfbundle; includeInIndex = 0; path = HTByValueDelegateUITests.xctest; sourceTree = BUILT_PRODUCTS_DIR; };
		BD17C07D1E738C5F0079DAF5 /* HTByValueDelegateUITests.m */ = {isa = PBXFileReference; lastKnownFileType = sourcecode.c.objc; path = HTByValueDelegateUITests.m; sourceTree = "<group>"; };
		BD17C07F1E738C5F0079DAF5 /* Info.plist */ = {isa = PBXFileReference; lastKnownFileType = text.plist.xml; path = Info.plist; sourceTree = "<group>"; };
		BD17C16C1E738D550079DAF5 /* SecondViewController.h */ = {isa = PBXFileReference; fileEncoding = 4; lastKnownFileType = sourcecode.c.h; path = SecondViewController.h; sourceTree = "<group>"; };
		BD17C16D1E738D550079DAF5 /* SecondViewController.m */ = {isa = PBXFileReference; fileEncoding = 4; lastKnownFileType = sourcecode.c.objc; path = SecondViewController.m; sourceTree = "<group>"; };
		BD17C16F1E738D550079DAF5 /* HTConfig.h */ = {isa = PBXFileReference; fileEncoding = 4; lastKnownFileType = sourcecode.c.h; path = HTConfig.h; sourceTree = "<group>"; };
		BD17C1701E738D550079DAF5 /* HTTools.h */ = {isa = PBXFileReference; fileEncoding = 4; lastKnownFileType = sourcecode.c.h; path = HTTools.h; sourceTree = "<group>"; };
		BD17C1711E738D550079DAF5 /* HTTools.m */ = {isa = PBXFileReference; fileEncoding = 4; lastKnownFileType = sourcecode.c.objc; path = HTTools.m; sourceTree = "<group>"; };
		BD17C1721E738D550079DAF5 /* ViewController.h */ = {isa = PBXFileReference; fileEncoding = 4; lastKnownFileType = sourcecode.c.h; path = ViewController.h; sourceTree = "<group>"; };
		BD17C1731E738D550079DAF5 /* ViewController.m */ = {isa = PBXFileReference; fileEncoding = 4; lastKnownFileType = sourcecode.c.objc; path = ViewController.m; sourceTree = "<group>"; };
/* End PBXFileReference section */

/* Begin PBXFrameworksBuildPhase section */
		BD17C0521E738C5F0079DAF5 /* Frameworks */ = {
			isa = PBXFrameworksBuildPhase;
			buildActionMask = 2147483647;
			files = (
			);
			runOnlyForDeploymentPostprocessing = 0;
		};
		BD17C06B1E738C5F0079DAF5 /* Frameworks */ = {
			isa = PBXFrameworksBuildPhase;
			buildActionMask = 2147483647;
			files = (
			);
			runOnlyForDeploymentPostprocessing = 0;
		};
		BD17C0761E738C5F0079DAF5 /* Frameworks */ = {
			isa = PBXFrameworksBuildPhase;
			buildActionMask = 2147483647;
			files = (
			);
			runOnlyForDeploymentPostprocessing = 0;
		};
/* End PBXFrameworksBuildPhase section */

/* Begin PBXGroup section */
		BD17C04C1E738C5F0079DAF5 = {
			isa = PBXGroup;
			children = (
				BD17C0571E738C5F0079DAF5 /* HTByValueDelegate */,
				BD17C0711E738C5F0079DAF5 /* HTByValueDelegateTests */,
				BD17C07C1E738C5F0079DAF5 /* HTByValueDelegateUITests */,
				BD17C0561E738C5F0079DAF5 /* Products */,
			);
			sourceTree = "<group>";
		};
		BD17C0561E738C5F0079DAF5 /* Products */ = {
			isa = PBXGroup;
			children = (
				BD17C0551E738C5F0079DAF5 /* HTByValueDelegate.app */,
				BD17C06E1E738C5F0079DAF5 /* HTByValueDelegateTests.xctest */,
				BD17C0791E738C5F0079DAF5 /* HTByValueDelegateUITests.xctest */,
			);
			name = Products;
			sourceTree = "<group>";
		};
		BD17C0571E738C5F0079DAF5 /* HTByValueDelegate */ = {
			isa = PBXGroup;
			children = (
				BD17C16E1E738D550079DAF5 /* Tools */,
				BD17C05B1E738C5F0079DAF5 /* AppDelegate.h */,
				BD17C05C1E738C5F0079DAF5 /* AppDelegate.m */,
				BD17C1721E738D550079DAF5 /* ViewController.h */,
				BD17C1731E738D550079DAF5 /* ViewController.m */,
				BD17C16C1E738D550079DAF5 /* SecondViewController.h */,
				BD17C16D1E738D550079DAF5 /* SecondViewController.m */,
				BD17C0611E738C5F0079DAF5 /* Main.storyboard */,
				BD17C0641E738C5F0079DAF5 /* Assets.xcassets */,
				BD17C0661E738C5F0079DAF5 /* LaunchScreen.storyboard */,
				BD17C0691E738C5F0079DAF5 /* Info.plist */,
				BD17C0581E738C5F0079DAF5 /* Supporting Files */,
			);
			path = HTByValueDelegate;
			sourceTree = "<group>";
		};
		BD17C0581E738C5F0079DAF5 /* Supporting Files */ = {
			isa = PBXGroup;
			children = (
				BD17C0591E738C5F0079DAF5 /* main.m */,
			);
			name = "Supporting Files";
			sourceTree = "<group>";
		};
		BD17C0711E738C5F0079DAF5 /* HTByValueDelegateTests */ = {
			isa = PBXGroup;
			children = (
				BD17C0721E738C5F0079DAF5 /* HTByValueDelegateTests.m */,
				BD17C0741E738C5F0079DAF5 /* Info.plist */,
			);
			path = HTByValueDelegateTests;
			sourceTree = "<group>";
		};
		BD17C07C1E738C5F0079DAF5 /* HTByValueDelegateUITests */ = {
			isa = PBXGroup;
			children = (
				BD17C07D1E738C5F0079DAF5 /* HTByValueDelegateUITests.m */,
				BD17C07F1E738C5F0079DAF5 /* Info.plist */,
			);
			path = HTByValueDelegateUITests;
			sourceTree = "<group>";
		};
		BD17C16E1E738D550079DAF5 /* Tools */ = {
			isa = PBXGroup;
			children = (
				BD17C16F1E738D550079DAF5 /* HTConfig.h */,
				BD17C1701E738D550079DAF5 /* HTTools.h */,
				BD17C1711E738D550079DAF5 /* HTTools.m */,
			);
			path = Tools;
			sourceTree = "<group>";
		};
/* End PBXGroup section */

/* Begin PBXNativeTarget section */
		BD17C0541E738C5F0079DAF5 /* HTByValueDelegate */ = {
			isa = PBXNativeTarget;
			buildConfigurationList = BD17C0821E738C5F0079DAF5 /* Build configuration list for PBXNativeTarget "HTByValueDelegate" */;
			buildPhases = (
				BD17C0511E738C5F0079DAF5 /* Sources */,
				BD17C0521E738C5F0079DAF5 /* Frameworks */,
				BD17C0531E738C5F0079DAF5 /* Resources */,
			);
			buildRules = (
			);
			dependencies = (
			);
			name = HTByValueDelegate;
			productName = HTByValueDelegate;
			productReference = BD17C0551E738C5F0079DAF5 /* HTByValueDelegate.app */;
			productType = "com.apple.product-type.application";
		};
		BD17C06D1E738C5F0079DAF5 /* HTByValueDelegateTests */ = {
			isa = PBXNativeTarget;
			buildConfigurationList = BD17C0851E738C5F0079DAF5 /* Build configuration list for PBXNativeTarget "HTByValueDelegateTests" */;
			buildPhases = (
				BD17C06A1E738C5F0079DAF5 /* Sources */,
				BD17C06B1E738C5F0079DAF5 /* Frameworks */,
				BD17C06C1E738C5F0079DAF5 /* Resources */,
			);
			buildRules = (
			);
			dependencies = (
				BD17C0701E738C5F0079DAF5 /* PBXTargetDependency */,
			);
			name = HTByValueDelegateTests;
			productName = HTByValueDelegateTests;
			productReference = BD17C06E1E738C5F0079DAF5 /* HTByValueDelegateTests.xctest */;
			productType = "com.apple.product-type.bundle.unit-test";
		};
		BD17C0781E738C5F0079DAF5 /* HTByValueDelegateUITests */ = {
			isa = PBXNativeTarget;
			buildConfigurationList = BD17C0881E738C5F0079DAF5 /* Build configuration list for PBXNativeTarget "HTByValueDelegateUITests" */;
			buildPhases = (
				BD17C0751E738C5F0079DAF5 /* Sources */,
				BD17C0761E738C5F0079DAF5 /* Frameworks */,
				BD17C0771E738C5F0079DAF5 /* Resources */,
			);
			buildRules = (
			);
			dependencies = (
				BD17C07B1E738C5F0079DAF5 /* PBXTargetDependency */,
			);
			name = HTByValueDelegateUITests;
			productName = HTByValueDelegateUITests;
			productReference = BD17C0791E738C5F0079DAF5 /* HTByValueDelegateUITests.xctest */;
			productType = "com.apple.product-type.bundle.ui-testing";
		};
/* End PBXNativeTarget section */

/* Begin PBXProject section */
		BD17C04D1E738C5F0079DAF5 /* Project object */ = {
			isa = PBXProject;
			attributes = {
				LastUpgradeCheck = 0730;
				ORGANIZATIONNAME = "一米阳光";
				TargetAttributes = {
					BD17C0541E738C5F0079DAF5 = {
						CreatedOnToolsVersion = 7.3;
					};
					BD17C06D1E738C5F0079DAF5 = {
						CreatedOnToolsVersion = 7.3;
						TestTargetID = BD17C0541E738C5F0079DAF5;
					};
					BD17C0781E738C5F0079DAF5 = {
						CreatedOnToolsVersion = 7.3;
						TestTargetID = BD17C0541E738C5F0079DAF5;
					};
				};
			};
			buildConfigurationList = BD17C0501E738C5F0079DAF5 /* Build configuration list for PBXProject "HTByValueDelegate" */;
			compatibilityVersion = "Xcode 3.2";
			developmentRegion = English;
			hasScannedForEncodings = 0;
			knownRegions = (
				en,
				Base,
			);
			mainGroup = BD17C04C1E738C5F0079DAF5;
			productRefGroup = BD17C0561E738C5F0079DAF5 /* Products */;
			projectDirPath = "";
			projectRoot = "";
			targets = (
				BD17C0541E738C5F0079DAF5 /* HTByValueDelegate */,
				BD17C06D1E738C5F0079DAF5 /* HTByValueDelegateTests */,
				BD17C0781E738C5F0079DAF5 /* HTByValueDelegateUITests */,
			);
		};
/* End PBXProject section */

/* Begin PBXResourcesBuildPhase section */
		BD17C0531E738C5F0079DAF5 /* Resources */ = {
			isa = PBXResourcesBuildPhase;
			buildActionMask = 2147483647;
			files = (
				BD17C0681E738C5F0079DAF5 /* LaunchScreen.storyboard in Resources */,
				BD17C0651E738C5F0079DAF5 /* Assets.xcassets in Resources */,
				BD17C0631E738C5F0079DAF5 /* Main.storyboard in Resources */,
			);
			runOnlyForDeploymentPostprocessing = 0;
		};
		BD17C06C1E738C5F0079DAF5 /* Resources */ = {
			isa = PBXResourcesBuildPhase;
			buildActionMask = 2147483647;
			files = (
			);
			runOnlyForDeploymentPostprocessing = 0;
		};
		BD17C0771E738C5F0079DAF5 /* Resources */ = {
			isa = PBXResourcesBuildPhase;
			buildActionMask = 2147483647;
			files = (
			);
			runOnlyForDeploymentPostprocessing = 0;
		};
/* End PBXResourcesBuildPhase section */

/* Begin PBXSourcesBuildPhase section */
		BD17C0511E738C5F0079DAF5 /* Sources */ = {
			isa = PBXSourcesBuildPhase;
			buildActionMask = 2147483647;
			files = (
				BD17C1741E738D550079DAF5 /* SecondViewController.m in Sources */,
				BD17C1751E738D550079DAF5 /* HTTools.m in Sources */,
				BD17C05D1E738C5F0079DAF5 /* AppDelegate.m in Sources */,
				BD17C05A1E738C5F0079DAF5 /* main.m in Sources */,
				BD17C1761E738D550079DAF5 /* ViewController.m in Sources */,
			);
			runOnlyForDeploymentPostprocessing = 0;
		};
		BD17C06A1E738C5F0079DAF5 /* Sources */ = {
			isa = PBXSourcesBuildPhase;
			buildActionMask = 2147483647;
			files = (
				BD17C0731E738C5F0079DAF5 /* HTByValueDelegateTests.m in Sources */,
			);
			runOnlyForDeploymentPostprocessing = 0;
		};
		BD17C0751E738C5F0079DAF5 /* Sources */ = {
			isa = PBXSourcesBuildPhase;
			buildActionMask = 2147483647;
			files = (
				BD17C07E1E738C5F0079DAF5 /* HTByValueDelegateUITests.m in Sources */,
			);
			runOnlyForDeploymentPostprocessing = 0;
		};
/* End PBXSourcesBuildPhase section */

/* Begin PBXTargetDependency section */
		BD17C0701E738C5F0079DAF5 /* PBXTargetDependency */ = {
			isa = PBXTargetDependency;
			target = BD17C0541E738C5F0079DAF5 /* HTByValueDelegate */;
			targetProxy = BD17C06F1E738C5F0079DAF5 /* PBXContainerItemProxy */;
		};
		BD17C07B1E738C5F0079DAF5 /* PBXTargetDependency */ = {
			isa = PBXTargetDependency;
			target = BD17C0541E738C5F0079DAF5 /* HTByValueDelegate */;
			targetProxy = BD17C07A1E738C5F0079DAF5 /* PBXContainerItemProxy */;
		};
/* End PBXTargetDependency section */

/* Begin PBXVariantGroup section */
		BD17C0611E738C5F0079DAF5 /* Main.storyboard */ = {
			isa = PBXVariantGroup;
			children = (
				BD17C0621E738C5F0079DAF5 /* Base */,
			);
			name = Main.storyboard;
			sourceTree = "<group>";
		};
		BD17C0661E738C5F0079DAF5 /* LaunchScreen.storyboard */ = {
			isa = PBXVariantGroup;
			children = (
				BD17C0671E738C5F0079DAF5 /* Base */,
			);
			name = LaunchScreen.storyboard;
			sourceTree = "<group>";
		};
/* End PBXVariantGroup section */

/* Begin XCBuildConfiguration section */
		BD17C0801E738C5F0079DAF5 /* Debug */ = {
			isa = XCBuildConfiguration;
			buildSettings = {
				ALWAYS_SEARCH_USER_PATHS = NO;
				CLANG_CXX_LANGUAGE_STANDARD = "gnu++0x";
				CLANG_CXX_LIBRARY = "libc++";
				CLANG_ENABLE_MODULES = YES;
				CLANG_ENABLE_OBJC_ARC = YES;
				CLANG_WARN_BOOL_CONVERSION = YES;
				CLANG_WARN_CONSTANT_CONVERSION = YES;
				CLANG_WARN_DIRECT_OBJC_ISA_USAGE = YES_ERROR;
				CLANG_WARN_EMPTY_BODY = YES;
				CLANG_WARN_ENUM_CONVERSION = YES;
				CLANG_WARN_INT_CONVERSION = YES;
				CLANG_WARN_OBJC_ROOT_CLASS = YES_ERROR;
				CLANG_WARN_UNREACHABLE_CODE = YES;
				CLANG_WARN__DUPLICATE_METHOD_MATCH = YES;
				"CODE_SIGN_IDENTITY[sdk=iphoneos*]" = "iPhone Developer";
				COPY_PHASE_STRIP = NO;
				DEBUG_INFORMATION_FORMAT = dwarf;
				ENABLE_STRICT_OBJC_MSGSEND = YES;
				ENABLE_TESTABILITY = YES;
				GCC_C_LANGUAGE_STANDARD = gnu99;
				GCC_DYNAMIC_NO_PIC = NO;
				GCC_NO_COMMON_BLOCKS = YES;
				GCC_OPTIMIZATION_LEVEL = 0;
				GCC_PREPROCESSOR_DEFINITIONS = (
					"DEBUG=1",
					"$(inherited)",
				);
				GCC_WARN_64_TO_32_BIT_CONVERSION = YES;
				GCC_WARN_ABOUT_RETURN_TYPE = YES_ERROR;
				GCC_WARN_UNDECLARED_SELECTOR = YES;
				GCC_WARN_UNINITIALIZED_AUTOS = YES_AGGRESSIVE;
				GCC_WARN_UNUSED_FUNCTION = YES;
				GCC_WARN_UNUSED_VARIABLE = YES;
				IPHONEOS_DEPLOYMENT_TARGET = 9.3;
				MTL_ENABLE_DEBUG_INFO = YES;
				ONLY_ACTIVE_ARCH = YES;
				SDKROOT = iphoneos;
			};
			name = Debug;
		};
		BD17C0811E738C5F0079DAF5 /* Release */ = {
			isa = XCBuildConfiguration;
			buildSettings = {
				ALWAYS_SEARCH_USER_PATHS = NO;
				CLANG_CXX_LANGUAGE_STANDARD = "gnu++0x";
				CLANG_CXX_LIBRARY = "libc++";
				CLANG_ENABLE_MODULES = YES;
				CLANG_ENABLE_OBJC_ARC = YES;
				CLANG_WARN_BOOL_CONVERSION = YES;
				CLANG_WARN_CONSTANT_CONVERSION = YES;
				CLANG_WARN_DIRECT_OBJC_ISA_USAGE = YES_ERROR;
				CLANG_WARN_EMPTY_BODY = YES;
				CLANG_WARN_ENUM_CONVERSION = YES;
				CLANG_WARN_INT_CONVERSION = YES;
				CLANG_WARN_OBJC_ROOT_CLASS = YES_ERROR;
				CLANG_WARN_UNREACHABLE_CODE = YES;
				CLANG_WARN__DUPLICATE_METHOD_MATCH = YES;
				"CODE_SIGN_IDENTITY[sdk=iphoneos*]" = "iPhone Developer";
				COPY_PHASE_STRIP = NO;
				DEBUG_INFORMATION_FORMAT = "dwarf-with-dsym";
				ENABLE_NS_ASSERTIONS = NO;
				ENABLE_STRICT_OBJC_MSGSEND = YES;
				GCC_C_LANGUAGE_STANDARD = gnu99;
				GCC_NO_COMMON_BLOCKS = YES;
				GCC_WARN_64_TO_32_BIT_CONVERSION = YES;
				GCC_WARN_ABOUT_RETURN_TYPE = YES_ERROR;
				GCC_WARN_UNDECLARED_SELECTOR = YES;
				GCC_WARN_UNINITIALIZED_AUTOS = YES_AGGRESSIVE;
				GCC_WARN_UNUSED_FUNCTION = YES;
				GCC_WARN_UNUSED_VARIABLE = YES;
				IPHONEOS_DEPLOYMENT_TARGET = 9.3;
				MTL_ENABLE_DEBUG_INFO = NO;
				SDKROOT = iphoneos;
				VALIDATE_PRODUCT = YES;
			};
			name = Release;
		};
		BD17C0831E738C5F0079DAF5 /* Debug */ = {
			isa = XCBuildConfiguration;
			buildSettings = {
				ASSETCATALOG_COMPILER_APPICON_NAME = AppIcon;
				INFOPLIST_FILE = HTByValueDelegate/Info.plist;
				LD_RUNPATH_SEARCH_PATHS = "$(inherited) @executable_path/Frameworks";
				PRODUCT_BUNDLE_IDENTIFIER = com.htreapay.xmantest.HTByValueDelegate;
				PRODUCT_NAME = "$(TARGET_NAME)";
			};
			name = Debug;
		};
		BD17C0841E738C5F0079DAF5 /* Release */ = {
			isa = XCBuildConfiguration;
			buildSettings = {
				ASSETCATALOG_COMPILER_APPICON_NAME = AppIcon;
				INFOPLIST_FILE = HTByValueDelegate/Info.plist;
				LD_RUNPATH_SEARCH_PATHS = "$(inherited) @executable_path/Frameworks";
				PRODUCT_BUNDLE_IDENTIFIER = com.htreapay.xmantest.HTByValueDelegate;
				PRODUCT_NAME = "$(TARGET_NAME)";
			};
			name = Release;
		};
		BD17C0861E738C5F0079DAF5 /* Debug */ = {
			isa = XCBuildConfiguration;
			buildSettings = {
				BUNDLE_LOADER = "$(TEST_HOST)";
				INFOPLIST_FILE = HTByValueDelegateTests/Info.plist;
				LD_RUNPATH_SEARCH_PATHS = "$(inherited) @executable_path/Frameworks @loader_path/Frameworks";
				PRODUCT_BUNDLE_IDENTIFIER = com.htreapay.xmantest.HTByValueDelegateTests;
				PRODUCT_NAME = "$(TARGET_NAME)";
				TEST_HOST = "$(BUILT_PRODUCTS_DIR)/HTByValueDelegate.app/HTByValueDelegate";
			};
			name = Debug;
		};
		BD17C0871E738C5F0079DAF5 /* Release */ = {
			isa = XCBuildConfiguration;
			buildSettings = {
				BUNDLE_LOADER = "$(TEST_HOST)";
				INFOPLIST_FILE = HTByValueDelegateTests/Info.plist;
				LD_RUNPATH_SEARCH_PATHS = "$(inherited) @executable_path/Frameworks @loader_path/Frameworks";
				PRODUCT_BUNDLE_IDENTIFIER = com.htreapay.xmantest.HTByValueDelegateTests;
				PRODUCT_NAME = "$(TARGET_NAME)";
				TEST_HOST = "$(BUILT_PRODUCTS_DIR)/HTByValueDelegate.app/HTByValueDelegate";
			};
			name = Release;
		};
		BD17C0891E738C5F0079DAF5 /* Debug */ = {
			isa = XCBuildConfiguration;
			buildSettings = {
				INFOPLIST_FILE = HTByValueDelegateUITests/Info.plist;
				LD_RUNPATH_SEARCH_PATHS = "$(inherited) @executable_path/Frameworks @loader_path/Frameworks";
				PRODUCT_BUNDLE_IDENTIFIER = com.htreapay.xmantest.HTByValueDelegateUITests;
				PRODUCT_NAME = "$(TARGET_NAME)";
				TEST_TARGET_NAME = HTByValueDelegate;
			};
			name = Debug;
		};
		BD17C08A1E738C5F0079DAF5 /* Release */ = {
			isa = XCBuildConfiguration;
			buildSettings = {
				INFOPLIST_FILE = HTByValueDelegateUITests/Info.plist;
				LD_RUNPATH_SEARCH_PATHS = "$(inherited) @executable_path/Frameworks @loader_path/Frameworks";
				PRODUCT_BUNDLE_IDENTIFIER = com.htreapay.xmantest.HTByValueDelegateUITests;
				PRODUCT_NAME = "$(TARGET_NAME)";
				TEST_TARGET_NAME = HTByValueDelegate;
			};
			name = Release;
		};
/* End XCBuildConfiguration section */

/* Begin XCConfigurationList section */
		BD17C0501E738C5F0079DAF5 /* Build configuration list for PBXProject "HTByValueDelegate" */ = {
			isa = XCConfigurationList;
			buildConfigurations = (
				BD17C0801E738C5F0079DAF5 /* Debug */,
				BD17C0811E738C5F0079DAF5 /* Release */,
			);
			defaultConfigurationIsVisible = 0;
			defaultConfigurationName = Release;
		};
		BD17C0821E738C5F0079DAF5 /* Build configuration list for PBXNativeTarget "HTByValueDelegate" */ = {
			isa = XCConfigurationList;
			buildConfigurations = (
				BD17C0831E738C5F0079DAF5 /* Debug */,
				BD17C0841E738C5F0079DAF5 /* Release */,
			);
			defaultConfigurationIsVisible = 0;
		};
		BD17C0851E738C5F0079DAF5 /* Build configuration list for PBXNativeTarget "HTByValueDelegateTests" */ = {
			isa = XCConfigurationList;
			buildConfigurations = (
				BD17C0861E738C5F0079DAF5 /* Debug */,
				BD17C0871E738C5F0079DAF5 /* Release */,
			);
			defaultConfigurationIsVisible = 0;
		};
		BD17C0881E738C5F0079DAF5 /* Build configuration list for PBXNativeTarget "HTByValueDelegateUITests" */ = {
			isa = XCConfigurationList;
			buildConfigurations = (
				BD17C0891E738C5F0079DAF5 /* Debug */,
				BD17C08A1E738C5F0079DAF5 /* Release */,
			);
			defaultConfigurationIsVisible = 0;
		};
/* End XCConfigurationList section */
	};
	rootObject = BD17C04D1E738C5F0079DAF5 /* Project object */;
}
